
Microsoft Visual Studio Solution File, Format Version 12.00
# Visual Studio Version 17
VisualStudioVersion = 17.7.34202.233
MinimumVisualStudioVersion = 10.0.40219.1
Project("{9A19103F-16F7-4668-BE54-9A1E7A4F7556}") = "Dati Personali", "Dati Personali\Dati Personali.csproj", "{426BB200-685F-406B-878E-B3CDDFAC4D4B}"
EndProject
Project("{FAE04EC0-301F-11D3-BF4B-00C04F79EFBC}") = "CodiceFiscale", "..\CodiceFiscale\CodiceFiscale\CodiceFiscale.csproj", "{1AC738F5-89B5-4B1A-A02D-7C658B12F0B0}"
EndProject
Project("{FAE04EC0-301F-11D3-BF4B-00C04F79EFBC}") = "testperson", "testperson\testperson.csproj", "{1F1C273D-3B03-4A2D-87AA-7817E1A268F9}"
EndProject
Global
	GlobalSection(SolutionConfigurationPlatforms) = preSolution
		Debug|Any CPU = Debug|Any CPU
		Release|Any CPU = Release|Any CPU
	EndGlobalSection
	GlobalSection(ProjectConfigurationPlatforms) = postSolution
		{426BB200-685F-406B-878E-B3CDDFAC4D4B}.Debug|Any CPU.ActiveCfg = Debug|Any CPU
		{426BB200-685F-406B-878E-B3CDDFAC4D4B}.Debug|Any CPU.Build.0 = Debug|Any CPU
		{426BB200-685F-406B-878E-B3CDDFAC4D4B}.Release|Any CPU.ActiveCfg = Release|Any CPU
		{426BB200-685F-406B-878E-B3CDDFAC4D4B}.Release|Any CPU.Build.0 = Release|Any CPU
		{1AC738F5-89B5-4B1A-A02D-7C658B12F0B0}.Debug|Any CPU.ActiveCfg = Debug|Any CPU
		{1AC738F5-89B5-4B1A-A02D-7C658B12F0B0}.Debug|Any CPU.Build.0 = Debug|Any CPU
		{1AC738F5-89B5-4B1A-A02D-7C658B12F0B0}.Release|Any CPU.ActiveCfg = Release|Any CPU
		{1AC738F5-89B5-4B1A-A02D-7C658B12F0B0}.Release|Any CPU.Build.0 = Release|Any CPU
		{1F1C273D-3B03-4A2D-87AA-7817E1A268F9}.Debug|Any CPU.ActiveCfg = Debug|Any CPU
		{1F1C273D-3B03-4A2D-87AA-7817E1A268F9}.Debug|Any CPU.Build.0 = Debug|Any CPU
		{1F1C273D-3B03-4A2D-87AA-7817E1A268F9}.Release|Any CPU.ActiveCfg = Release|Any CPU
		{1F1C273D-3B03-4A2D-87AA-7817E1A268F9}.Release|Any CPU.Build.0 = Release|Any CPU
	EndGlobalSection
	GlobalSection(SolutionProperties) = preSolution
		HideSolutionNode = FALSE
	EndGlobalSection
	GlobalSection(ExtensibilityGlobals) = postSolution
		SolutionGuid = {25735BBF-AD2E-45A7-B042-6ACD48E7C69D}
	EndGlobalSection
EndGlobal
